{
  "name": "StartedFrom16",
  "lockfileVersion": 2,
  "requires": true,
  "packages": {
    "": {
      "dependencies": {
        "cassidy": "^0.0.2"
      }
    },
    "node_modules/cassidy": {
      "version": "0.0.2",
      "resolved": "https://registry.npmjs.org/cassidy/-/cassidy-0.0.2.tgz",
      "integrity": "sha1-2wf5KhcJwuTUaiZ32j8XU25dtEg="
    }
  },
  "dependencies": {
    "cassidy": {
      "version": "0.0.2",
      "resolved": "https://registry.npmjs.org/cassidy/-/cassidy-0.0.2.tgz",
      "integrity": "sha1-2wf5KhcJwuTUaiZ32j8XU25dtEg="
    }
  }
}
